{
  "nodes": {
    "darwin": {
      "inputs": {
        "nixpkgs": [
          "nixpkgs"
        ]
      },
      "locked": {
        "lastModified": 1687110393,
        "narHash": "sha256-SnkdWeZ8PZd3Dc74iFF8xiE7qDp5+z3Yps2mE79tsM0=",
        "owner": "lnl7",
        "repo": "nix-darwin",
        "rev": "8a5af0da9d8dab8a188436750489e304ac682085",
        "type": "github"
      },
      "original": {
        "owner": "lnl7",
        "repo": "nix-darwin",
        "type": "github"
      }
    },
    "home-manager": {
      "inputs": {
        "nixpkgs": [
          "nixpkgs"
        ]
      },
      "locked": {
        "lastModified": 1687163790,
        "narHash": "sha256-CmG/ZdswJrWM0CMgJiVyWfO6LqaI4SKEAx9IrnYDrpI=",
        "owner": "nix-community",
        "repo": "home-manager",
        "rev": "ac53777f52929bc82efcd2830bfc5aa60bcb4337",
        "type": "github"
      },
      "original": {
        "owner": "nix-community",
        "ref": "release-23.05",
        "repo": "home-manager",
        "type": "github"
      }
    },
    "nixpkgs": {
      "locked": {
        "lastModified": 1687164712,
        "narHash": "sha256-qes0BvisSRdfXcTf2kDnz9rA0Y6UN/Q9K6tXqvbz9RI=",
        "owner": "nixos",
        "repo": "nixpkgs",
        "rev": "0141809c203872410d285671cce4f6b051afe273",
        "type": "github"
      },
      "original": {
        "owner": "nixos",
        "ref": "release-23.05",
        "repo": "nixpkgs",
        "type": "github"
      }
    },
    "nixpkgs-unstable": {
      "locked": {
        "lastModified": 1687669787,
        "narHash": "sha256-8sAwpYmQ1/bFwTMVyCFzrg7WjlNDdoStLFSY5btNRcQ=",
        "owner": "nixos",
        "repo": "nixpkgs",
        "rev": "dc2afced518559f1c962b5824599b2c99c7684e3",
        "type": "github"
      },
      "original": {
        "owner": "nixos",
        "ref": "nixpkgs-unstable",
        "repo": "nixpkgs",
        "type": "github"
      }
    },
    "root": {
      "inputs": {
        "darwin": "darwin",
        "home-manager": "home-manager",
        "nixpkgs": "nixpkgs",
        "nixpkgs-unstable": "nixpkgs-unstable"
      }
    }
  },
  "root": "root",
  "version": 7
}
